
Microsoft Visual Studio Solution File, Format Version 12.00
# Visual Studio Version 16
VisualStudioVersion = 16.0.29709.97
MinimumVisualStudioVersion = 10.0.40219.1
Project("{FAE04EC0-301F-11D3-BF4B-00C04F79EFBC}") = "webserviceasmx", "webserviceasmx\webserviceasmx.csproj", "{5809F0B0-FB91-4732-BF32-801CCF7EBA34}"
EndProject
Global
	GlobalSection(SolutionConfigurationPlatforms) = preSolution
		Debug|Any CPU = Debug|Any CPU
		Release|Any CPU = Release|Any CPU
	EndGlobalSection
	GlobalSection(ProjectConfigurationPlatforms) = postSolution
		{5809F0B0-FB91-4732-BF32-801CCF7EBA34}.Debug|Any CPU.ActiveCfg = Debug|Any CPU
		{5809F0B0-FB91-4732-BF32-801CCF7EBA34}.Debug|Any CPU.Build.0 = Debug|Any CPU
		{5809F0B0-FB91-4732-BF32-801CCF7EBA34}.Release|Any CPU.ActiveCfg = Release|Any CPU
		{5809F0B0-FB91-4732-BF32-801CCF7EBA34}.Release|Any CPU.Build.0 = Release|Any CPU
	EndGlobalSection
	GlobalSection(SolutionProperties) = preSolution
		HideSolutionNode = FALSE
	EndGlobalSection
	GlobalSection(ExtensibilityGlobals) = postSolution
		SolutionGuid = {17361F3E-1272-446F-A9FE-3C20A54201AA}
	EndGlobalSection
EndGlobal
